github.com/BurntSushi/toml v0.2.1-0.20160717150709-99064174e013 h1:b3U6YBLKb/l6Z2g3UU9I9qb0E8ae2vqNcA3IZtotoYQ=
github.com/BurntSushi/toml v0.2.1-0.20160717150709-99064174e013/go.mod h1:xHWCNGjB5oqiDr8zfno3MHue2Ht5sIBksp03qcyfWMU=
github.com/cespare/goproc v0.0.0-20140120180357-355679657f2c h1:NKmN0Ozy7szyaBbjrNymY03tDxM80aRboY8gq4U1RQQ=
github.com/cespare/goproc v0.0.0-20140120180357-355679657f2c/go.mod h1:QSBA3MA4dHmFXVCX1N4JDTPlMK1ISsVYcb/B3Wt3wKA=
